
Microsoft Visual Studio Solution File, Format Version 12.00
# Visual Studio Version 17
VisualStudioVersion = 17.4.33205.214
MinimumVisualStudioVersion = 10.0.40219.1
Project("{9A19103F-16F7-4668-BE54-9A1E7A4F7556}") = "IpInfoAPI", "IpInfoAPI\IpInfoAPI.csproj", "{32B8A133-FB59-45AD-816C-14960E74A1B9}"
EndProject
Project("{FAE04EC0-301F-11D3-BF4B-00C04F79EFBC}") = "Test", "Test\Test.csproj", "{C0416D2A-A45D-4065-9817-C9EC97EE9112}"
EndProject
Global
	GlobalSection(SolutionConfigurationPlatforms) = preSolution
		Debug|Any CPU = Debug|Any CPU
		Release|Any CPU = Release|Any CPU
	EndGlobalSection
	GlobalSection(ProjectConfigurationPlatforms) = postSolution
		{32B8A133-FB59-45AD-816C-14960E74A1B9}.Debug|Any CPU.ActiveCfg = Debug|Any CPU
		{32B8A133-FB59-45AD-816C-14960E74A1B9}.Debug|Any CPU.Build.0 = Debug|Any CPU
		{32B8A133-FB59-45AD-816C-14960E74A1B9}.Release|Any CPU.ActiveCfg = Release|Any CPU
		{32B8A133-FB59-45AD-816C-14960E74A1B9}.Release|Any CPU.Build.0 = Release|Any CPU
		{C0416D2A-A45D-4065-9817-C9EC97EE9112}.Debug|Any CPU.ActiveCfg = Debug|Any CPU
		{C0416D2A-A45D-4065-9817-C9EC97EE9112}.Debug|Any CPU.Build.0 = Debug|Any CPU
		{C0416D2A-A45D-4065-9817-C9EC97EE9112}.Release|Any CPU.ActiveCfg = Release|Any CPU
		{C0416D2A-A45D-4065-9817-C9EC97EE9112}.Release|Any CPU.Build.0 = Release|Any CPU
	EndGlobalSection
	GlobalSection(SolutionProperties) = preSolution
		HideSolutionNode = FALSE
	EndGlobalSection
	GlobalSection(ExtensibilityGlobals) = postSolution
		SolutionGuid = {384D0817-65B9-455D-B3F9-E85019B7B211}
	EndGlobalSection
EndGlobal
